
Microsoft Visual Studio Solution File, Format Version 12.00
# Visual Studio 14
VisualStudioVersion = 14.0.24720.0
MinimumVisualStudioVersion = 10.0.40219.1
Project("{FAE04EC0-301F-11D3-BF4B-00C04F79EFBC}") = "Gta5EyeTracking", "Gta5EyeTracking\Gta5EyeTracking.csproj", "{9585ABAB-B222-40B4-A9F7-AC8BE027DFAF}"
	ProjectSection(ProjectDependencies) = postProject
		{3B6ACFED-0B3C-4E64-B419-F8651FD42E9F} = {3B6ACFED-0B3C-4E64-B419-F8651FD42E9F}
	EndProjectSection
EndProject
Project("{8BC9CEB8-8B4A-11D0-8D11-00A0C91BC942}") = "MemoryAccess", "MemoryAccess\MemoryAccess.vcxproj", "{3B6ACFED-0B3C-4E64-B419-F8651FD42E9F}"
EndProject
Project("{FAE04EC0-301F-11D3-BF4B-00C04F79EFBC}") = "InstallerUI", "Gta5EyeTrackingModUpdater\InstallerUI.csproj", "{47BE85E9-3420-4B93-BF48-0E69C1A00386}"
EndProject
Project("{930C7802-8A8C-48F9-8165-68863BCCD9DD}") = "Installer", "Installer\Installer.wixproj", "{B12A324F-D2EA-4B11-8175-50C4D2AE368A}"
	ProjectSection(ProjectDependencies) = postProject
		{47BE85E9-3420-4B93-BF48-0E69C1A00386} = {47BE85E9-3420-4B93-BF48-0E69C1A00386}
	EndProjectSection
EndProject
Project("{930C7802-8A8C-48F9-8165-68863BCCD9DD}") = "InstallerBundle", "InstallerBundle\InstallerBundle.wixproj", "{B60702F3-BED4-4EFD-A2DF-80A0BE9A572A}"
	ProjectSection(ProjectDependencies) = postProject
		{B12A324F-D2EA-4B11-8175-50C4D2AE368A} = {B12A324F-D2EA-4B11-8175-50C4D2AE368A}
	EndProjectSection
EndProject
Global
	GlobalSection(SolutionConfigurationPlatforms) = preSolution
		Debug|Any CPU = Debug|Any CPU
		Debug|x64 = Debug|x64
		Debug|x86 = Debug|x86
		Release|Any CPU = Release|Any CPU
		Release|x64 = Release|x64
		Release|x86 = Release|x86
	EndGlobalSection
	GlobalSection(ProjectConfigurationPlatforms) = postSolution
		{9585ABAB-B222-40B4-A9F7-AC8BE027DFAF}.Debug|Any CPU.ActiveCfg = Debug|Any CPU
		{9585ABAB-B222-40B4-A9F7-AC8BE027DFAF}.Debug|Any CPU.Build.0 = Debug|Any CPU
		{9585ABAB-B222-40B4-A9F7-AC8BE027DFAF}.Debug|x64.ActiveCfg = Debug|x64
		{9585ABAB-B222-40B4-A9F7-AC8BE027DFAF}.Debug|x64.Build.0 = Debug|x64
		{9585ABAB-B222-40B4-A9F7-AC8BE027DFAF}.Debug|x86.ActiveCfg = Debug|Any CPU
		{9585ABAB-B222-40B4-A9F7-AC8BE027DFAF}.Debug|x86.Build.0 = Debug|Any CPU
		{9585ABAB-B222-40B4-A9F7-AC8BE027DFAF}.Release|Any CPU.ActiveCfg = Release|Any CPU
		{9585ABAB-B222-40B4-A9F7-AC8BE027DFAF}.Release|Any CPU.Build.0 = Release|Any CPU
		{9585ABAB-B222-40B4-A9F7-AC8BE027DFAF}.Release|x64.ActiveCfg = Release|x64
		{9585ABAB-B222-40B4-A9F7-AC8BE027DFAF}.Release|x64.Build.0 = Release|x64
		{9585ABAB-B222-40B4-A9F7-AC8BE027DFAF}.Release|x86.ActiveCfg = Release|Any CPU
		{9585ABAB-B222-40B4-A9F7-AC8BE027DFAF}.Release|x86.Build.0 = Release|Any CPU
		{3B6ACFED-0B3C-4E64-B419-F8651FD42E9F}.Debug|Any CPU.ActiveCfg = Debug|Win32
		{3B6ACFED-0B3C-4E64-B419-F8651FD42E9F}.Debug|x64.ActiveCfg = Debug|x64
		{3B6ACFED-0B3C-4E64-B419-F8651FD42E9F}.Debug|x64.Build.0 = Debug|x64
		{3B6ACFED-0B3C-4E64-B419-F8651FD42E9F}.Debug|x86.ActiveCfg = Debug|Win32
		{3B6ACFED-0B3C-4E64-B419-F8651FD42E9F}.Debug|x86.Build.0 = Debug|Win32
		{3B6ACFED-0B3C-4E64-B419-F8651FD42E9F}.Release|Any CPU.ActiveCfg = Release|Win32
		{3B6ACFED-0B3C-4E64-B419-F8651FD42E9F}.Release|x64.ActiveCfg = Release|x64
		{3B6ACFED-0B3C-4E64-B419-F8651FD42E9F}.Release|x64.Build.0 = Release|x64
		{3B6ACFED-0B3C-4E64-B419-F8651FD42E9F}.Release|x86.ActiveCfg = Release|Win32
		{3B6ACFED-0B3C-4E64-B419-F8651FD42E9F}.Release|x86.Build.0 = Release|Win32
		{47BE85E9-3420-4B93-BF48-0E69C1A00386}.Debug|Any CPU.ActiveCfg = Debug|Any CPU
		{47BE85E9-3420-4B93-BF48-0E69C1A00386}.Debug|Any CPU.Build.0 = Debug|Any CPU
		{47BE85E9-3420-4B93-BF48-0E69C1A00386}.Debug|x64.ActiveCfg = Debug|x64
		{47BE85E9-3420-4B93-BF48-0E69C1A00386}.Debug|x64.Build.0 = Debug|x64
		{47BE85E9-3420-4B93-BF48-0E69C1A00386}.Debug|x86.ActiveCfg = Debug|Any CPU
		{47BE85E9-3420-4B93-BF48-0E69C1A00386}.Debug|x86.Build.0 = Debug|Any CPU
		{47BE85E9-3420-4B93-BF48-0E69C1A00386}.Release|Any CPU.ActiveCfg = Release|Any CPU
		{47BE85E9-3420-4B93-BF48-0E69C1A00386}.Release|Any CPU.Build.0 = Release|Any CPU
		{47BE85E9-3420-4B93-BF48-0E69C1A00386}.Release|x64.ActiveCfg = Release|x64
		{47BE85E9-3420-4B93-BF48-0E69C1A00386}.Release|x64.Build.0 = Release|x64
		{47BE85E9-3420-4B93-BF48-0E69C1A00386}.Release|x86.ActiveCfg = Release|Any CPU
		{47BE85E9-3420-4B93-BF48-0E69C1A00386}.Release|x86.Build.0 = Release|Any CPU
		{B12A324F-D2EA-4B11-8175-50C4D2AE368A}.Debug|Any CPU.ActiveCfg = Debug|x64
		{B12A324F-D2EA-4B11-8175-50C4D2AE368A}.Debug|x64.ActiveCfg = Debug|x64
		{B12A324F-D2EA-4B11-8175-50C4D2AE368A}.Debug|x86.ActiveCfg = Debug|x64
		{B12A324F-D2EA-4B11-8175-50C4D2AE368A}.Release|Any CPU.ActiveCfg = Release|x64
		{B12A324F-D2EA-4B11-8175-50C4D2AE368A}.Release|x64.ActiveCfg = Release|x64
		{B12A324F-D2EA-4B11-8175-50C4D2AE368A}.Release|x64.Build.0 = Release|x64
		{B12A324F-D2EA-4B11-8175-50C4D2AE368A}.Release|x86.ActiveCfg = Release|x64
		{B60702F3-BED4-4EFD-A2DF-80A0BE9A572A}.Debug|Any CPU.ActiveCfg = Debug|x64
		{B60702F3-BED4-4EFD-A2DF-80A0BE9A572A}.Debug|x64.ActiveCfg = Debug|x64
		{B60702F3-BED4-4EFD-A2DF-80A0BE9A572A}.Debug|x86.ActiveCfg = Debug|x64
		{B60702F3-BED4-4EFD-A2DF-80A0BE9A572A}.Release|Any CPU.ActiveCfg = Release|x64
		{B60702F3-BED4-4EFD-A2DF-80A0BE9A572A}.Release|x64.ActiveCfg = Release|x64
		{B60702F3-BED4-4EFD-A2DF-80A0BE9A572A}.Release|x64.Build.0 = Release|x64
		{B60702F3-BED4-4EFD-A2DF-80A0BE9A572A}.Release|x86.ActiveCfg = Release|x64
	EndGlobalSection
	GlobalSection(SolutionProperties) = preSolution
		HideSolutionNode = FALSE
	EndGlobalSection
EndGlobal
