
Microsoft Visual Studio Solution File, Format Version 12.00
# Visual Studio 14
VisualStudioVersion = 14.0.25420.1
MinimumVisualStudioVersion = 10.0.40219.1
Project("{FAE04EC0-301F-11D3-BF4B-00C04F79EFBC}") = "Gta5EyeTracking", "Gta5EyeTracking\Gta5EyeTracking.csproj", "{9585ABAB-B222-40B4-A9F7-AC8BE027DFAF}"
EndProject
Project("{FAE04EC0-301F-11D3-BF4B-00C04F79EFBC}") = "InstallerUI", "InstallerUI\InstallerUI.csproj", "{47BE85E9-3420-4B93-BF48-0E69C1A00386}"
	ProjectSection(ProjectDependencies) = postProject
		{9585ABAB-B222-40B4-A9F7-AC8BE027DFAF} = {9585ABAB-B222-40B4-A9F7-AC8BE027DFAF}
	EndProjectSection
EndProject
Project("{930C7802-8A8C-48F9-8165-68863BCCD9DD}") = "InstallerBundle", "InstallerBundle\InstallerBundle.wixproj", "{B60702F3-BED4-4EFD-A2DF-80A0BE9A572A}"
	ProjectSection(ProjectDependencies) = postProject
		{47BE85E9-3420-4B93-BF48-0E69C1A00386} = {47BE85E9-3420-4B93-BF48-0E69C1A00386}
	EndProjectSection
EndProject
Global
	GlobalSection(SolutionConfigurationPlatforms) = preSolution
		Debug|x64 = Debug|x64
		Release|x64 = Release|x64
	EndGlobalSection
	GlobalSection(ProjectConfigurationPlatforms) = postSolution
		{9585ABAB-B222-40B4-A9F7-AC8BE027DFAF}.Debug|x64.ActiveCfg = Debug|x64
		{9585ABAB-B222-40B4-A9F7-AC8BE027DFAF}.Debug|x64.Build.0 = Debug|x64
		{9585ABAB-B222-40B4-A9F7-AC8BE027DFAF}.Release|x64.ActiveCfg = Release|x64
		{9585ABAB-B222-40B4-A9F7-AC8BE027DFAF}.Release|x64.Build.0 = Release|x64
		{47BE85E9-3420-4B93-BF48-0E69C1A00386}.Debug|x64.ActiveCfg = Debug|x86
		{47BE85E9-3420-4B93-BF48-0E69C1A00386}.Debug|x64.Build.0 = Debug|x86
		{47BE85E9-3420-4B93-BF48-0E69C1A00386}.Release|x64.ActiveCfg = Release|x86
		{47BE85E9-3420-4B93-BF48-0E69C1A00386}.Release|x64.Build.0 = Release|x86
		{B60702F3-BED4-4EFD-A2DF-80A0BE9A572A}.Debug|x64.ActiveCfg = Debug|x86
		{B60702F3-BED4-4EFD-A2DF-80A0BE9A572A}.Release|x64.ActiveCfg = Release|x86
		{B60702F3-BED4-4EFD-A2DF-80A0BE9A572A}.Release|x64.Build.0 = Release|x86
	EndGlobalSection
	GlobalSection(SolutionProperties) = preSolution
		HideSolutionNode = FALSE
	EndGlobalSection
EndGlobal
